<?xml version="1.0" encoding="utf-8"?>
<Project ToolsVersion="4.0" xmlns="http://schemas.microsoft.com/developer/msbuild/2003">
  <ItemGroup>
    <ClInclude Include="Utils.h" />
    <ClInclude Include="..\Tutorial 2\Exception.h">
      <Filter>Header Files</Filter>
    </ClInclude>
    <ClInclude Include="..\Tutorial 2\Graphics\lodepng\lodepng.h">
      <Filter>Header Files</Filter>
    </ClInclude>
    <ClInclude Include="..\Tutorial 2\Utils.h">
      <Filter>Header Files</Filter>
    </ClInclude>
    <ClInclude Include="..\Tutorial 2\ImageIO.h">
      <Filter>Header Files</Filter>
    </ClInclude>
    <ClInclude Include="..\Tutorial 2\WeatherItem.h">
      <Filter>Header Files</Filter>
    </ClInclude>
    <ClInclude Include="WeatherData.h" />
  </ItemGroup>
  <ItemGroup>
    <Filter Include="OpenCL Files">
      <UniqueIdentifier>{905ef70b-a739-414b-9b63-e950b04b32e6}</UniqueIdentifier>
    </Filter>
    <Filter Include="Header Files">
      <UniqueIdentifier>{a9e68a1a-94d0-4763-ad37-8d9931415aa0}</UniqueIdentifier>
    </Filter>
    <Filter Include="Source Files">
      <UniqueIdentifier>{38711bf9-d531-4f1d-af51-12025513af87}</UniqueIdentifier>
    </Filter>
  </ItemGroup>
  <ItemGroup>
    <None Include="my_kernels3.cl">
      <Filter>OpenCL Files</Filter>
    </None>
  </ItemGroup>
  <ItemGroup>
    <ClCompile Include="Tutorial 3.cpp" />
    <ClCompile Include="..\Tutorial 2\Graphics\lodepng\lodepng.cpp">
      <Filter>Source Files</Filter>
    </ClCompile>
    <ClCompile Include="..\Tutorial 2\WeatherItem.cpp">
      <Filter>Source Files</Filter>
    </ClCompile>
    <ClCompile Include="WeatherData.cpp" />
  </ItemGroup>
</Project>